
Microsoft Visual Studio Solution File, Format Version 12.00
# Visual Studio Version 16
VisualStudioVersion = 16.0.31112.23
MinimumVisualStudioVersion = 10.0.40219.1
Project("{FAE04EC0-301F-11D3-BF4B-00C04F79EFBC}") = "JaggedArrayLib", "JaggedArrayLib\JaggedArrayLib.csproj", "{A0EB90A4-F196-46FE-8190-4A2AB16B6697}"
EndProject
Project("{FAE04EC0-301F-11D3-BF4B-00C04F79EFBC}") = "ConsoleApp", "ConsoleApp\ConsoleApp.csproj", "{AA20800D-72F2-4FA8-BB09-85DC5850146A}"
EndProject
Global
	GlobalSection(SolutionConfigurationPlatforms) = preSolution
		Debug|Any CPU = Debug|Any CPU
		Release|Any CPU = Release|Any CPU
	EndGlobalSection
	GlobalSection(ProjectConfigurationPlatforms) = postSolution
		{A0EB90A4-F196-46FE-8190-4A2AB16B6697}.Debug|Any CPU.ActiveCfg = Debug|Any CPU
		{A0EB90A4-F196-46FE-8190-4A2AB16B6697}.Debug|Any CPU.Build.0 = Debug|Any CPU
		{A0EB90A4-F196-46FE-8190-4A2AB16B6697}.Release|Any CPU.ActiveCfg = Release|Any CPU
		{A0EB90A4-F196-46FE-8190-4A2AB16B6697}.Release|Any CPU.Build.0 = Release|Any CPU
		{AA20800D-72F2-4FA8-BB09-85DC5850146A}.Debug|Any CPU.ActiveCfg = Debug|Any CPU
		{AA20800D-72F2-4FA8-BB09-85DC5850146A}.Debug|Any CPU.Build.0 = Debug|Any CPU
		{AA20800D-72F2-4FA8-BB09-85DC5850146A}.Release|Any CPU.ActiveCfg = Release|Any CPU
		{AA20800D-72F2-4FA8-BB09-85DC5850146A}.Release|Any CPU.Build.0 = Release|Any CPU
	EndGlobalSection
	GlobalSection(SolutionProperties) = preSolution
		HideSolutionNode = FALSE
	EndGlobalSection
	GlobalSection(ExtensibilityGlobals) = postSolution
		SolutionGuid = {9CF56652-DFFB-4BAB-BD80-58C9A45B9E89}
	EndGlobalSection
EndGlobal
